
Microsoft Visual Studio Solution File, Format Version 12.00
# Visual Studio Version 17
VisualStudioVersion = 17.7.34221.43
MinimumVisualStudioVersion = 10.0.40219.1
Project("{FAE04EC0-301F-11D3-BF4B-00C04F79EFBC}") = "MusikPlayer", "MusikPlayer.csproj", "{F57919CA-B0C4-4A64-8A6D-9C9070F7AAB8}"
EndProject
Global
	GlobalSection(SolutionConfigurationPlatforms) = preSolution
		Debug|Any CPU = Debug|Any CPU
		Release|Any CPU = Release|Any CPU
	EndGlobalSection
	GlobalSection(ProjectConfigurationPlatforms) = postSolution
		{F57919CA-B0C4-4A64-8A6D-9C9070F7AAB8}.Debug|Any CPU.ActiveCfg = Debug|Any CPU
		{F57919CA-B0C4-4A64-8A6D-9C9070F7AAB8}.Debug|Any CPU.Build.0 = Debug|Any CPU
		{F57919CA-B0C4-4A64-8A6D-9C9070F7AAB8}.Release|Any CPU.ActiveCfg = Release|Any CPU
		{F57919CA-B0C4-4A64-8A6D-9C9070F7AAB8}.Release|Any CPU.Build.0 = Release|Any CPU
	EndGlobalSection
	GlobalSection(SolutionProperties) = preSolution
		HideSolutionNode = FALSE
	EndGlobalSection
	GlobalSection(ExtensibilityGlobals) = postSolution
		SolutionGuid = {7E643A64-91A7-4133-A2ED-81551B014F2E}
	EndGlobalSection
EndGlobal
